
Microsoft Visual Studio Solution File, Format Version 12.00
Project("{FAE04EC0-301F-11D3-BF4B-00C04F79EFBC}") = "NoCostSite.Api", "NoCostSite.Api\NoCostSite.Api.csproj", "{E05F6DB2-847C-4052-8C1C-E17317754967}"
EndProject
Project("{FAE04EC0-301F-11D3-BF4B-00C04F79EFBC}") = "NoCostSite.Utils", "NoCostSite.Utils\NoCostSite.Utils.csproj", "{B4C629C5-90EA-4FE0-B5F4-FA482FEABC09}"
EndProject
Project("{FAE04EC0-301F-11D3-BF4B-00C04F79EFBC}") = "NoCostSite.BusinessLogic", "NoCostSite.BusinessLogic\NoCostSite.BusinessLogic.csproj", "{B3AED877-594B-4DC6-9976-9CD5B534095B}"
EndProject
Project("{FAE04EC0-301F-11D3-BF4B-00C04F79EFBC}") = "NoCostSite.Function", "NoCostSite.Function\NoCostSite.Function.csproj", "{416A67C7-6925-44F6-960B-E123BC30BAF1}"
EndProject
Project("{2150E333-8FDC-42A3-9474-1A3956D46DE8}") = "EntryPoints", "EntryPoints", "{9E858D85-8D00-474D-BE1F-6CC3B9644FD7}"
EndProject
Project("{2150E333-8FDC-42A3-9474-1A3956D46DE8}") = "BusinessLogic", "BusinessLogic", "{849801B9-27FA-4305-82C0-EF6804F017C0}"
EndProject
Project("{2150E333-8FDC-42A3-9474-1A3956D46DE8}") = "Infrastructure", "Infrastructure", "{2EF3618D-F9FC-4445-BE95-660CE82F7F0F}"
EndProject
Project("{2150E333-8FDC-42A3-9474-1A3956D46DE8}") = "Tests", "Tests", "{6FAA064C-7ACC-463F-A685-726F96EB25EF}"
EndProject
Project("{FAE04EC0-301F-11D3-BF4B-00C04F79EFBC}") = "NoCostSite.UnitTests", "NoCostSite.UnitTests\NoCostSite.UnitTests.csproj", "{17225914-7298-4E55-86B5-FBF1FCD9A4E1}"
EndProject
Global
	GlobalSection(SolutionConfigurationPlatforms) = preSolution
		Debug|Any CPU = Debug|Any CPU
		Release|Any CPU = Release|Any CPU
	EndGlobalSection
	GlobalSection(ProjectConfigurationPlatforms) = postSolution
		{E05F6DB2-847C-4052-8C1C-E17317754967}.Debug|Any CPU.ActiveCfg = Debug|Any CPU
		{E05F6DB2-847C-4052-8C1C-E17317754967}.Debug|Any CPU.Build.0 = Debug|Any CPU
		{E05F6DB2-847C-4052-8C1C-E17317754967}.Release|Any CPU.ActiveCfg = Release|Any CPU
		{E05F6DB2-847C-4052-8C1C-E17317754967}.Release|Any CPU.Build.0 = Release|Any CPU
		{B4C629C5-90EA-4FE0-B5F4-FA482FEABC09}.Debug|Any CPU.ActiveCfg = Debug|Any CPU
		{B4C629C5-90EA-4FE0-B5F4-FA482FEABC09}.Debug|Any CPU.Build.0 = Debug|Any CPU
		{B4C629C5-90EA-4FE0-B5F4-FA482FEABC09}.Release|Any CPU.ActiveCfg = Release|Any CPU
		{B4C629C5-90EA-4FE0-B5F4-FA482FEABC09}.Release|Any CPU.Build.0 = Release|Any CPU
		{B3AED877-594B-4DC6-9976-9CD5B534095B}.Debug|Any CPU.ActiveCfg = Debug|Any CPU
		{B3AED877-594B-4DC6-9976-9CD5B534095B}.Debug|Any CPU.Build.0 = Debug|Any CPU
		{B3AED877-594B-4DC6-9976-9CD5B534095B}.Release|Any CPU.ActiveCfg = Release|Any CPU
		{B3AED877-594B-4DC6-9976-9CD5B534095B}.Release|Any CPU.Build.0 = Release|Any CPU
		{416A67C7-6925-44F6-960B-E123BC30BAF1}.Debug|Any CPU.ActiveCfg = Debug|Any CPU
		{416A67C7-6925-44F6-960B-E123BC30BAF1}.Debug|Any CPU.Build.0 = Debug|Any CPU
		{416A67C7-6925-44F6-960B-E123BC30BAF1}.Release|Any CPU.ActiveCfg = Release|Any CPU
		{416A67C7-6925-44F6-960B-E123BC30BAF1}.Release|Any CPU.Build.0 = Release|Any CPU
		{17225914-7298-4E55-86B5-FBF1FCD9A4E1}.Debug|Any CPU.ActiveCfg = Debug|Any CPU
		{17225914-7298-4E55-86B5-FBF1FCD9A4E1}.Debug|Any CPU.Build.0 = Debug|Any CPU
		{17225914-7298-4E55-86B5-FBF1FCD9A4E1}.Release|Any CPU.ActiveCfg = Release|Any CPU
		{17225914-7298-4E55-86B5-FBF1FCD9A4E1}.Release|Any CPU.Build.0 = Release|Any CPU
	EndGlobalSection
	GlobalSection(NestedProjects) = preSolution
		{E05F6DB2-847C-4052-8C1C-E17317754967} = {9E858D85-8D00-474D-BE1F-6CC3B9644FD7}
		{B3AED877-594B-4DC6-9976-9CD5B534095B} = {849801B9-27FA-4305-82C0-EF6804F017C0}
		{416A67C7-6925-44F6-960B-E123BC30BAF1} = {2EF3618D-F9FC-4445-BE95-660CE82F7F0F}
		{B4C629C5-90EA-4FE0-B5F4-FA482FEABC09} = {2EF3618D-F9FC-4445-BE95-660CE82F7F0F}
		{17225914-7298-4E55-86B5-FBF1FCD9A4E1} = {6FAA064C-7ACC-463F-A685-726F96EB25EF}
	EndGlobalSection
EndGlobal
