
Microsoft Visual Studio Solution File, Format Version 12.00
Project("{FAE04EC0-301F-11D3-BF4B-00C04F79EFBC}") = "NoCostSite.ApiTests", "NoCostSite.ApiTests\NoCostSite.ApiTests.csproj", "{3B48BC2C-D959-458A-B272-413D0B3A9B61}"
EndProject
Global
	GlobalSection(SolutionConfigurationPlatforms) = preSolution
		Debug|Any CPU = Debug|Any CPU
		Release|Any CPU = Release|Any CPU
	EndGlobalSection
	GlobalSection(ProjectConfigurationPlatforms) = postSolution
		{3B48BC2C-D959-458A-B272-413D0B3A9B61}.Debug|Any CPU.ActiveCfg = Debug|Any CPU
		{3B48BC2C-D959-458A-B272-413D0B3A9B61}.Debug|Any CPU.Build.0 = Debug|Any CPU
		{3B48BC2C-D959-458A-B272-413D0B3A9B61}.Release|Any CPU.ActiveCfg = Release|Any CPU
		{3B48BC2C-D959-458A-B272-413D0B3A9B61}.Release|Any CPU.Build.0 = Release|Any CPU
	EndGlobalSection
EndGlobal
